// !$*UTF8*$!
{
	archiveVersion = 1;
	classes = {
	};
	objectVersion = 50;
	objects = {

/* Begin PBXBuildFile section */
		752AE960224540780044226A /* KeyboardKey.swift in Sources */ = {isa = PBXBuildFile; fileRef = 752AE95F224540780044226A /* KeyboardKey.swift */; };
		752AE962224542920044226A /* KeyboardView.xib in Resources */ = {isa = PBXBuildFile; fileRef = 752AE961224542920044226A /* KeyboardView.xib */; };
		752AE964224543850044226A /* KeyboardView.swift in Sources */ = {isa = PBXBuildFile; fileRef = 752AE963224543850044226A /* KeyboardView.swift */; };
		7534E70D224BEBDC0008C537 /* KeyboardView.xib in Resources */ = {isa = PBXBuildFile; fileRef = 752AE961224542920044226A /* KeyboardView.xib */; };
		7534E70E224BEC1E0008C537 /* KeyboardView.swift in Sources */ = {isa = PBXBuildFile; fileRef = 752AE963224543850044226A /* KeyboardView.swift */; };
		7534E70F224BEDB60008C537 /* KeyboardTheme.swift in Sources */ = {isa = PBXBuildFile; fileRef = 757CA6D52241A9E300762569 /* KeyboardTheme.swift */; };
		7534E710224BEEE70008C537 /* KeyboardKey.swift in Sources */ = {isa = PBXBuildFile; fileRef = 752AE95F224540780044226A /* KeyboardKey.swift */; };
		757CA6AD2241A73C00762569 /* AppDelegate.swift in Sources */ = {isa = PBXBuildFile; fileRef = 757CA6AC2241A73C00762569 /* AppDelegate.swift */; };
		757CA6AF2241A73C00762569 /* ViewController.swift in Sources */ = {isa = PBXBuildFile; fileRef = 757CA6AE2241A73C00762569 /* ViewController.swift */; };
		757CA6B22241A73C00762569 /* Main.storyboard in Resources */ = {isa = PBXBuildFile; fileRef = 757CA6B02241A73C00762569 /* Main.storyboard */; };
		757CA6B42241A73D00762569 /* Assets.xcassets in Resources */ = {isa = PBXBuildFile; fileRef = 757CA6B32241A73D00762569 /* Assets.xcassets */; };
		757CA6B72241A73D00762569 /* LaunchScreen.storyboard in Resources */ = {isa = PBXBuildFile; fileRef = 757CA6B52241A73D00762569 /* LaunchScreen.storyboard */; };
		757CA6C92241A8A900762569 /* KeyboardViewController.swift in Sources */ = {isa = PBXBuildFile; fileRef = 757CA6C82241A8A900762569 /* KeyboardViewController.swift */; };
		757CA6CD2241A8A900762569 /* KeyStudioKeyboard.appex in Embed App Extensions */ = {isa = PBXBuildFile; fileRef = 757CA6C62241A8A800762569 /* KeyStudioKeyboard.appex */; settings = {ATTRIBUTES = (RemoveHeadersOnCopy, ); }; };
		757CA6D62241A9E300762569 /* KeyboardTheme.swift in Sources */ = {isa = PBXBuildFile; fileRef = 757CA6D52241A9E300762569 /* KeyboardTheme.swift */; };
/* End PBXBuildFile section */

/* Begin PBXContainerItemProxy section */
		757CA6CB2241A8A900762569 /* PBXContainerItemProxy */ = {
			isa = PBXContainerItemProxy;
			containerPortal = 757CA6A12241A73C00762569 /* Project object */;
			proxyType = 1;
			remoteGlobalIDString = 757CA6C52241A8A800762569;
			remoteInfo = KeyStudioKeyboard;
		};
/* End PBXContainerItemProxy section */

/* Begin PBXCopyFilesBuildPhase section */
		757CA6D12241A8A900762569 /* Embed App Extensions */ = {
			isa = PBXCopyFilesBuildPhase;
			buildActionMask = 2147483647;
			dstPath = "";
			dstSubfolderSpec = 13;
			files = (
				757CA6CD2241A8A900762569 /* KeyStudioKeyboard.appex in Embed App Extensions */,
			);
			name = "Embed App Extensions";
			runOnlyForDeploymentPostprocessing = 0;
		};
/* End PBXCopyFilesBuildPhase section */

/* Begin PBXFileReference section */
		752AE95F224540780044226A /* KeyboardKey.swift */ = {isa = PBXFileReference; lastKnownFileType = sourcecode.swift; path = KeyboardKey.swift; sourceTree = "<group>"; };
		752AE961224542920044226A /* KeyboardView.xib */ = {isa = PBXFileReference; lastKnownFileType = file.xib; path = KeyboardView.xib; sourceTree = "<group>"; };
		752AE963224543850044226A /* KeyboardView.swift */ = {isa = PBXFileReference; lastKnownFileType = sourcecode.swift; path = KeyboardView.swift; sourceTree = "<group>"; };
		757CA6A92241A73C00762569 /* KeyStudio.app */ = {isa = PBXFileReference; explicitFileType = wrapper.application; includeInIndex = 0; path = KeyStudio.app; sourceTree = BUILT_PRODUCTS_DIR; };
		757CA6AC2241A73C00762569 /* AppDelegate.swift */ = {isa = PBXFileReference; lastKnownFileType = sourcecode.swift; path = AppDelegate.swift; sourceTree = "<group>"; };
		757CA6AE2241A73C00762569 /* ViewController.swift */ = {isa = PBXFileReference; lastKnownFileType = sourcecode.swift; path = ViewController.swift; sourceTree = "<group>"; };
		757CA6B12241A73C00762569 /* Base */ = {isa = PBXFileReference; lastKnownFileType = file.storyboard; name = Base; path = Base.lproj/Main.storyboard; sourceTree = "<group>"; };
		757CA6B32241A73D00762569 /* Assets.xcassets */ = {isa = PBXFileReference; lastKnownFileType = folder.assetcatalog; path = Assets.xcassets; sourceTree = "<group>"; };
		757CA6B62241A73D00762569 /* Base */ = {isa = PBXFileReference; lastKnownFileType = file.storyboard; name = Base; path = Base.lproj/LaunchScreen.storyboard; sourceTree = "<group>"; };
		757CA6B82241A73D00762569 /* Info.plist */ = {isa = PBXFileReference; lastKnownFileType = text.plist.xml; path = Info.plist; sourceTree = "<group>"; };
		757CA6C62241A8A800762569 /* KeyStudioKeyboard.appex */ = {isa = PBXFileReference; explicitFileType = "wrapper.app-extension"; includeInIndex = 0; path = KeyStudioKeyboard.appex; sourceTree = BUILT_PRODUCTS_DIR; };
		757CA6C82241A8A900762569 /* KeyboardViewController.swift */ = {isa = PBXFileReference; lastKnownFileType = sourcecode.swift; path = KeyboardViewController.swift; sourceTree = "<group>"; };
		757CA6CA2241A8A900762569 /* Info.plist */ = {isa = PBXFileReference; lastKnownFileType = text.plist.xml; path = Info.plist; sourceTree = "<group>"; };
		757CA6D52241A9E300762569 /* KeyboardTheme.swift */ = {isa = PBXFileReference; lastKnownFileType = sourcecode.swift; path = KeyboardTheme.swift; sourceTree = "<group>"; };
/* End PBXFileReference section */

/* Begin PBXFrameworksBuildPhase section */
		757CA6A62241A73C00762569 /* Frameworks */ = {
			isa = PBXFrameworksBuildPhase;
			buildActionMask = 2147483647;
			files = (
			);
			runOnlyForDeploymentPostprocessing = 0;
		};
		757CA6C32241A8A800762569 /* Frameworks */ = {
			isa = PBXFrameworksBuildPhase;
			buildActionMask = 2147483647;
			files = (
			);
			runOnlyForDeploymentPostprocessing = 0;
		};
/* End PBXFrameworksBuildPhase section */

/* Begin PBXGroup section */
		757CA6A02241A73C00762569 = {
			isa = PBXGroup;
			children = (
				757CA6AB2241A73C00762569 /* KeyStudio */,
				757CA6C72241A8A900762569 /* KeyStudioKeyboard */,
				757CA6AA2241A73C00762569 /* Products */,
			);
			sourceTree = "<group>";
		};
		757CA6AA2241A73C00762569 /* Products */ = {
			isa = PBXGroup;
			children = (
				757CA6A92241A73C00762569 /* KeyStudio.app */,
				757CA6C62241A8A800762569 /* KeyStudioKeyboard.appex */,
			);
			name = Products;
			sourceTree = "<group>";
		};
		757CA6AB2241A73C00762569 /* KeyStudio */ = {
			isa = PBXGroup;
			children = (
				757CA6D22241A97000762569 /* Views */,
				757CA6AC2241A73C00762569 /* AppDelegate.swift */,
				757CA6AE2241A73C00762569 /* ViewController.swift */,
				757CA6D52241A9E300762569 /* KeyboardTheme.swift */,
				757CA6B02241A73C00762569 /* Main.storyboard */,
				757CA6B32241A73D00762569 /* Assets.xcassets */,
				757CA6B52241A73D00762569 /* LaunchScreen.storyboard */,
				757CA6B82241A73D00762569 /* Info.plist */,
			);
			path = KeyStudio;
			sourceTree = "<group>";
		};
		757CA6C72241A8A900762569 /* KeyStudioKeyboard */ = {
			isa = PBXGroup;
			children = (
				757CA6C82241A8A900762569 /* KeyboardViewController.swift */,
				757CA6CA2241A8A900762569 /* Info.plist */,
			);
			path = KeyStudioKeyboard;
			sourceTree = "<group>";
		};
		757CA6D22241A97000762569 /* Views */ = {
			isa = PBXGroup;
			children = (
				752AE95F224540780044226A /* KeyboardKey.swift */,
				752AE961224542920044226A /* KeyboardView.xib */,
				752AE963224543850044226A /* KeyboardView.swift */,
			);
			path = Views;
			sourceTree = "<group>";
		};
/* End PBXGroup section */

/* Begin PBXNativeTarget section */
		757CA6A82241A73C00762569 /* KeyStudio */ = {
			isa = PBXNativeTarget;
			buildConfigurationList = 757CA6BB2241A73D00762569 /* Build configuration list for PBXNativeTarget "KeyStudio" */;
			buildPhases = (
				757CA6A52241A73C00762569 /* Sources */,
				757CA6A62241A73C00762569 /* Frameworks */,
				757CA6A72241A73C00762569 /* Resources */,
				757CA6D12241A8A900762569 /* Embed App Extensions */,
			);
			buildRules = (
			);
			dependencies = (
				757CA6CC2241A8A900762569 /* PBXTargetDependency */,
			);
			name = KeyStudio;
			productName = KeyStudio;
			productReference = 757CA6A92241A73C00762569 /* KeyStudio.app */;
			productType = "com.apple.product-type.application";
		};
		757CA6C52241A8A800762569 /* KeyStudioKeyboard */ = {
			isa = PBXNativeTarget;
			buildConfigurationList = 757CA6CE2241A8A900762569 /* Build configuration list for PBXNativeTarget "KeyStudioKeyboard" */;
			buildPhases = (
				757CA6C22241A8A800762569 /* Sources */,
				757CA6C32241A8A800762569 /* Frameworks */,
				757CA6C42241A8A800762569 /* Resources */,
			);
			buildRules = (
			);
			dependencies = (
			);
			name = KeyStudioKeyboard;
			productName = KeyStudioKeyboard;
			productReference = 757CA6C62241A8A800762569 /* KeyStudioKeyboard.appex */;
			productType = "com.apple.product-type.app-extension";
		};
/* End PBXNativeTarget section */

/* Begin PBXProject section */
		757CA6A12241A73C00762569 /* Project object */ = {
			isa = PBXProject;
			attributes = {
				LastSwiftUpdateCheck = 1010;
				LastUpgradeCheck = 1010;
				ORGANIZATIONNAME = "Ian Martinez";
				TargetAttributes = {
					757CA6A82241A73C00762569 = {
						CreatedOnToolsVersion = 10.1;
						LastSwiftMigration = 1020;
					};
					757CA6C52241A8A800762569 = {
						CreatedOnToolsVersion = 10.1;
						LastSwiftMigration = 1020;
					};
				};
			};
			buildConfigurationList = 757CA6A42241A73C00762569 /* Build configuration list for PBXProject "KeyStudio" */;
			compatibilityVersion = "Xcode 9.3";
			developmentRegion = en;
			hasScannedForEncodings = 0;
			knownRegions = (
				en,
				Base,
			);
			mainGroup = 757CA6A02241A73C00762569;
			productRefGroup = 757CA6AA2241A73C00762569 /* Products */;
			projectDirPath = "";
			projectRoot = "";
			targets = (
				757CA6A82241A73C00762569 /* KeyStudio */,
				757CA6C52241A8A800762569 /* KeyStudioKeyboard */,
			);
		};
/* End PBXProject section */

/* Begin PBXResourcesBuildPhase section */
		757CA6A72241A73C00762569 /* Resources */ = {
			isa = PBXResourcesBuildPhase;
			buildActionMask = 2147483647;
			files = (
				757CA6B72241A73D00762569 /* LaunchScreen.storyboard in Resources */,
				752AE962224542920044226A /* KeyboardView.xib in Resources */,
				757CA6B42241A73D00762569 /* Assets.xcassets in Resources */,
				757CA6B22241A73C00762569 /* Main.storyboard in Resources */,
			);
			runOnlyForDeploymentPostprocessing = 0;
		};
		757CA6C42241A8A800762569 /* Resources */ = {
			isa = PBXResourcesBuildPhase;
			buildActionMask = 2147483647;
			files = (
				7534E70D224BEBDC0008C537 /* KeyboardView.xib in Resources */,
			);
			runOnlyForDeploymentPostprocessing = 0;
		};
/* End PBXResourcesBuildPhase section */

/* Begin PBXSourcesBuildPhase section */
		757CA6A52241A73C00762569 /* Sources */ = {
			isa = PBXSourcesBuildPhase;
			buildActionMask = 2147483647;
			files = (
				757CA6D62241A9E300762569 /* KeyboardTheme.swift in Sources */,
				757CA6AF2241A73C00762569 /* ViewController.swift in Sources */,
				757CA6AD2241A73C00762569 /* AppDelegate.swift in Sources */,
				752AE964224543850044226A /* KeyboardView.swift in Sources */,
				752AE960224540780044226A /* KeyboardKey.swift in Sources */,
			);
			runOnlyForDeploymentPostprocessing = 0;
		};
		757CA6C22241A8A800762569 /* Sources */ = {
			isa = PBXSourcesBuildPhase;
			buildActionMask = 2147483647;
			files = (
				757CA6C92241A8A900762569 /* KeyboardViewController.swift in Sources */,
				7534E70F224BEDB60008C537 /* KeyboardTheme.swift in Sources */,
				7534E710224BEEE70008C537 /* KeyboardKey.swift in Sources */,
				7534E70E224BEC1E0008C537 /* KeyboardView.swift in Sources */,
			);
			runOnlyForDeploymentPostprocessing = 0;
		};
/* End PBXSourcesBuildPhase section */

/* Begin PBXTargetDependency section */
		757CA6CC2241A8A900762569 /* PBXTargetDependency */ = {
			isa = PBXTargetDependency;
			target = 757CA6C52241A8A800762569 /* KeyStudioKeyboard */;
			targetProxy = 757CA6CB2241A8A900762569 /* PBXContainerItemProxy */;
		};
/* End PBXTargetDependency section */

/* Begin PBXVariantGroup section */
		757CA6B02241A73C00762569 /* Main.storyboard */ = {
			isa = PBXVariantGroup;
			children = (
				757CA6B12241A73C00762569 /* Base */,
			);
			name = Main.storyboard;
			sourceTree = "<group>";
		};
		757CA6B52241A73D00762569 /* LaunchScreen.storyboard */ = {
			isa = PBXVariantGroup;
			children = (
				757CA6B62241A73D00762569 /* Base */,
			);
			name = LaunchScreen.storyboard;
			sourceTree = "<group>";
		};
/* End PBXVariantGroup section */

/* Begin XCBuildConfiguration section */
		757CA6B92241A73D00762569 /* Debug */ = {
			isa = XCBuildConfiguration;
			buildSettings = {
				ALWAYS_SEARCH_USER_PATHS = NO;
				CLANG_ANALYZER_NONNULL = YES;
				CLANG_ANALYZER_NUMBER_OBJECT_CONVERSION = YES_AGGRESSIVE;
				CLANG_CXX_LANGUAGE_STANDARD = "gnu++14";
				CLANG_CXX_LIBRARY = "libc++";
				CLANG_ENABLE_MODULES = YES;
				CLANG_ENABLE_OBJC_ARC = YES;
				CLANG_ENABLE_OBJC_WEAK = YES;
				CLANG_WARN_BLOCK_CAPTURE_AUTORELEASING = YES;
				CLANG_WARN_BOOL_CONVERSION = YES;
				CLANG_WARN_COMMA = YES;
				CLANG_WARN_CONSTANT_CONVERSION = YES;
				CLANG_WARN_DEPRECATED_OBJC_IMPLEMENTATIONS = YES;
				CLANG_WARN_DIRECT_OBJC_ISA_USAGE = YES_ERROR;
				CLANG_WARN_DOCUMENTATION_COMMENTS = YES;
				CLANG_WARN_EMPTY_BODY = YES;
				CLANG_WARN_ENUM_CONVERSION = YES;
				CLANG_WARN_INFINITE_RECURSION = YES;
				CLANG_WARN_INT_CONVERSION = YES;
				CLANG_WARN_NON_LITERAL_NULL_CONVERSION = YES;
				CLANG_WARN_OBJC_IMPLICIT_RETAIN_SELF = YES;
				CLANG_WARN_OBJC_LITERAL_CONVERSION = YES;
				CLANG_WARN_OBJC_ROOT_CLASS = YES_ERROR;
				CLANG_WARN_RANGE_LOOP_ANALYSIS = YES;
				CLANG_WARN_STRICT_PROTOTYPES = YES;
				CLANG_WARN_SUSPICIOUS_MOVE = YES;
				CLANG_WARN_UNGUARDED_AVAILABILITY = YES_AGGRESSIVE;
				CLANG_WARN_UNREACHABLE_CODE = YES;
				CLANG_WARN__DUPLICATE_METHOD_MATCH = YES;
				CODE_SIGN_IDENTITY = "iPhone Developer";
				COPY_PHASE_STRIP = NO;
				DEBUG_INFORMATION_FORMAT = dwarf;
				ENABLE_STRICT_OBJC_MSGSEND = YES;
				ENABLE_TESTABILITY = YES;
				GCC_C_LANGUAGE_STANDARD = gnu11;
				GCC_DYNAMIC_NO_PIC = NO;
				GCC_NO_COMMON_BLOCKS = YES;
				GCC_OPTIMIZATION_LEVEL = 0;
				GCC_PREPROCESSOR_DEFINITIONS = (
					"DEBUG=1",
					"$(inherited)",
				);
				GCC_WARN_64_TO_32_BIT_CONVERSION = YES;
				GCC_WARN_ABOUT_RETURN_TYPE = YES_ERROR;
				GCC_WARN_UNDECLARED_SELECTOR = YES;
				GCC_WARN_UNINITIALIZED_AUTOS = YES_AGGRESSIVE;
				GCC_WARN_UNUSED_FUNCTION = YES;
				GCC_WARN_UNUSED_VARIABLE = YES;
				IPHONEOS_DEPLOYMENT_TARGET = 12.1;
				MTL_ENABLE_DEBUG_INFO = INCLUDE_SOURCE;
				MTL_FAST_MATH = YES;
				ONLY_ACTIVE_ARCH = YES;
				SDKROOT = iphoneos;
				SWIFT_ACTIVE_COMPILATION_CONDITIONS = DEBUG;
				SWIFT_OPTIMIZATION_LEVEL = "-Onone";
			};
			name = Debug;
		};
		757CA6BA2241A73D00762569 /* Release */ = {
			isa = XCBuildConfiguration;
			buildSettings = {
				ALWAYS_SEARCH_USER_PATHS = NO;
				CLANG_ANALYZER_NONNULL = YES;
				CLANG_ANALYZER_NUMBER_OBJECT_CONVERSION = YES_AGGRESSIVE;
				CLANG_CXX_LANGUAGE_STANDARD = "gnu++14";
				CLANG_CXX_LIBRARY = "libc++";
				CLANG_ENABLE_MODULES = YES;
				CLANG_ENABLE_OBJC_ARC = YES;
				CLANG_ENABLE_OBJC_WEAK = YES;
				CLANG_WARN_BLOCK_CAPTURE_AUTORELEASING = YES;
				CLANG_WARN_BOOL_CONVERSION = YES;
				CLANG_WARN_COMMA = YES;
				CLANG_WARN_CONSTANT_CONVERSION = YES;
				CLANG_WARN_DEPRECATED_OBJC_IMPLEMENTATIONS = YES;
				CLANG_WARN_DIRECT_OBJC_ISA_USAGE = YES_ERROR;
				CLANG_WARN_DOCUMENTATION_COMMENTS = YES;
				CLANG_WARN_EMPTY_BODY = YES;
				CLANG_WARN_ENUM_CONVERSION = YES;
				CLANG_WARN_INFINITE_RECURSION = YES;
				CLANG_WARN_INT_CONVERSION = YES;
				CLANG_WARN_NON_LITERAL_NULL_CONVERSION = YES;
				CLANG_WARN_OBJC_IMPLICIT_RETAIN_SELF = YES;
				CLANG_WARN_OBJC_LITERAL_CONVERSION = YES;
				CLANG_WARN_OBJC_ROOT_CLASS = YES_ERROR;
				CLANG_WARN_RANGE_LOOP_ANALYSIS = YES;
				CLANG_WARN_STRICT_PROTOTYPES = YES;
				CLANG_WARN_SUSPICIOUS_MOVE = YES;
				CLANG_WARN_UNGUARDED_AVAILABILITY = YES_AGGRESSIVE;
				CLANG_WARN_UNREACHABLE_CODE = YES;
				CLANG_WARN__DUPLICATE_METHOD_MATCH = YES;
				CODE_SIGN_IDENTITY = "iPhone Developer";
				COPY_PHASE_STRIP = NO;
				DEBUG_INFORMATION_FORMAT = "dwarf-with-dsym";
				ENABLE_NS_ASSERTIONS = NO;
				ENABLE_STRICT_OBJC_MSGSEND = YES;
				GCC_C_LANGUAGE_STANDARD = gnu11;
				GCC_NO_COMMON_BLOCKS = YES;
				GCC_WARN_64_TO_32_BIT_CONVERSION = YES;
				GCC_WARN_ABOUT_RETURN_TYPE = YES_ERROR;
				GCC_WARN_UNDECLARED_SELECTOR = YES;
				GCC_WARN_UNINITIALIZED_AUTOS = YES_AGGRESSIVE;
				GCC_WARN_UNUSED_FUNCTION = YES;
				GCC_WARN_UNUSED_VARIABLE = YES;
				IPHONEOS_DEPLOYMENT_TARGET = 12.1;
				MTL_ENABLE_DEBUG_INFO = NO;
				MTL_FAST_MATH = YES;
				SDKROOT = iphoneos;
				SWIFT_COMPILATION_MODE = wholemodule;
				SWIFT_OPTIMIZATION_LEVEL = "-O";
				VALIDATE_PRODUCT = YES;
			};
			name = Release;
		};
		757CA6BC2241A73D00762569 /* Debug */ = {
			isa = XCBuildConfiguration;
			buildSettings = {
				ALWAYS_EMBED_SWIFT_STANDARD_LIBRARIES = YES;
				ASSETCATALOG_COMPILER_APPICON_NAME = AppIcon;
				CODE_SIGN_STYLE = Automatic;
				DEVELOPMENT_TEAM = 8N56QFJVA8;
				INFOPLIST_FILE = KeyStudio/Info.plist;
				LD_RUNPATH_SEARCH_PATHS = (
					"$(inherited)",
					"@executable_path/Frameworks",
				);
				PRODUCT_BUNDLE_IDENTIFIER = com.atlinsoft.KeyStudio;
				PRODUCT_NAME = "$(TARGET_NAME)";
				SWIFT_VERSION = 5.0;
				TARGETED_DEVICE_FAMILY = "1,2";
			};
			name = Debug;
		};
		757CA6BD2241A73D00762569 /* Release */ = {
			isa = XCBuildConfiguration;
			buildSettings = {
				ALWAYS_EMBED_SWIFT_STANDARD_LIBRARIES = YES;
				ASSETCATALOG_COMPILER_APPICON_NAME = AppIcon;
				CODE_SIGN_STYLE = Automatic;
				DEVELOPMENT_TEAM = 8N56QFJVA8;
				INFOPLIST_FILE = KeyStudio/Info.plist;
				LD_RUNPATH_SEARCH_PATHS = (
					"$(inherited)",
					"@executable_path/Frameworks",
				);
				PRODUCT_BUNDLE_IDENTIFIER = com.atlinsoft.KeyStudio;
				PRODUCT_NAME = "$(TARGET_NAME)";
				SWIFT_VERSION = 5.0;
				TARGETED_DEVICE_FAMILY = "1,2";
			};
			name = Release;
		};
		757CA6CF2241A8A900762569 /* Debug */ = {
			isa = XCBuildConfiguration;
			buildSettings = {
				CODE_SIGN_STYLE = Automatic;
				DEVELOPMENT_TEAM = 8N56QFJVA8;
				INFOPLIST_FILE = KeyStudioKeyboard/Info.plist;
				LD_RUNPATH_SEARCH_PATHS = (
					"$(inherited)",
					"@executable_path/Frameworks",
					"@executable_path/../../Frameworks",
				);
				PRODUCT_BUNDLE_IDENTIFIER = com.atlinsoft.KeyStudio.KeyStudioKeyboard;
				PRODUCT_NAME = "$(TARGET_NAME)";
				SKIP_INSTALL = YES;
				SWIFT_VERSION = 5.0;
				TARGETED_DEVICE_FAMILY = "1,2";
			};
			name = Debug;
		};
		757CA6D02241A8A900762569 /* Release */ = {
			isa = XCBuildConfiguration;
			buildSettings = {
				CODE_SIGN_STYLE = Automatic;
				DEVELOPMENT_TEAM = 8N56QFJVA8;
				INFOPLIST_FILE = KeyStudioKeyboard/Info.plist;
				LD_RUNPATH_SEARCH_PATHS = (
					"$(inherited)",
					"@executable_path/Frameworks",
					"@executable_path/../../Frameworks",
				);
				PRODUCT_BUNDLE_IDENTIFIER = com.atlinsoft.KeyStudio.KeyStudioKeyboard;
				PRODUCT_NAME = "$(TARGET_NAME)";
				SKIP_INSTALL = YES;
				SWIFT_VERSION = 5.0;
				TARGETED_DEVICE_FAMILY = "1,2";
			};
			name = Release;
		};
/* End XCBuildConfiguration section */

/* Begin XCConfigurationList section */
		757CA6A42241A73C00762569 /* Build configuration list for PBXProject "KeyStudio" */ = {
			isa = XCConfigurationList;
			buildConfigurations = (
				757CA6B92241A73D00762569 /* Debug */,
				757CA6BA2241A73D00762569 /* Release */,
			);
			defaultConfigurationIsVisible = 0;
			defaultConfigurationName = Release;
		};
		757CA6BB2241A73D00762569 /* Build configuration list for PBXNativeTarget "KeyStudio" */ = {
			isa = XCConfigurationList;
			buildConfigurations = (
				757CA6BC2241A73D00762569 /* Debug */,
				757CA6BD2241A73D00762569 /* Release */,
			);
			defaultConfigurationIsVisible = 0;
			defaultConfigurationName = Release;
		};
		757CA6CE2241A8A900762569 /* Build configuration list for PBXNativeTarget "KeyStudioKeyboard" */ = {
			isa = XCConfigurationList;
			buildConfigurations = (
				757CA6CF2241A8A900762569 /* Debug */,
				757CA6D02241A8A900762569 /* Release */,
			);
			defaultConfigurationIsVisible = 0;
			defaultConfigurationName = Release;
		};
/* End XCConfigurationList section */
	};
	rootObject = 757CA6A12241A73C00762569 /* Project object */;
}
